// !$*UTF8*$!
{
	archiveVersion = 1;
	classes = {
	};
	objectVersion = 48;
	objects = {

/* Begin PBXBuildFile section */
		50E9010D2047EFC2009B45C3 /* AppDelegate.swift in Sources */ = {isa = PBXBuildFile; fileRef = 50E9010C2047EFC2009B45C3 /* AppDelegate.swift */; };
		50E9010F2047EFC2009B45C3 /* ViewController.swift in Sources */ = {isa = PBXBuildFile; fileRef = 50E9010E2047EFC2009B45C3 /* ViewController.swift */; };
		50E901122047EFC2009B45C3 /* Main.storyboard in Resources */ = {isa = PBXBuildFile; fileRef = 50E901102047EFC2009B45C3 /* Main.storyboard */; };
		50E901142047EFC2009B45C3 /* Assets.xcassets in Resources */ = {isa = PBXBuildFile; fileRef = 50E901132047EFC2009B45C3 /* Assets.xcassets */; };
		50E901172047EFC2009B45C3 /* LaunchScreen.storyboard in Resources */ = {isa = PBXBuildFile; fileRef = 50E901152047EFC2009B45C3 /* LaunchScreen.storyboard */; };
		50E901202047F02F009B45C3 /* MapKit.framework in Frameworks */ = {isa = PBXBuildFile; fileRef = 50E9011F2047F02F009B45C3 /* MapKit.framework */; };
/* End PBXBuildFile section */

/* Begin PBXFileReference section */
		50E901092047EFC2009B45C3 /* SearchMap.app */ = {isa = PBXFileReference; explicitFileType = wrapper.application; includeInIndex = 0; path = SearchMap.app; sourceTree = BUILT_PRODUCTS_DIR; };
		50E9010C2047EFC2009B45C3 /* AppDelegate.swift */ = {isa = PBXFileReference; lastKnownFileType = sourcecode.swift; path = AppDelegate.swift; sourceTree = "<group>"; };
		50E9010E2047EFC2009B45C3 /* ViewController.swift */ = {isa = PBXFileReference; lastKnownFileType = sourcecode.swift; path = ViewController.swift; sourceTree = "<group>"; };
		50E901112047EFC2009B45C3 /* Base */ = {isa = PBXFileReference; lastKnownFileType = file.storyboard; name = Base; path = Base.lproj/Main.storyboard; sourceTree = "<group>"; };
		50E901132047EFC2009B45C3 /* Assets.xcassets */ = {isa = PBXFileReference; lastKnownFileType = folder.assetcatalog; path = Assets.xcassets; sourceTree = "<group>"; };
		50E901162047EFC2009B45C3 /* Base */ = {isa = PBXFileReference; lastKnownFileType = file.storyboard; name = Base; path = Base.lproj/LaunchScreen.storyboard; sourceTree = "<group>"; };
		50E901182047EFC2009B45C3 /* Info.plist */ = {isa = PBXFileReference; lastKnownFileType = text.plist.xml; path = Info.plist; sourceTree = "<group>"; };
		50E9011F2047F02F009B45C3 /* MapKit.framework */ = {isa = PBXFileReference; lastKnownFileType = wrapper.framework; name = MapKit.framework; path = System/Library/Frameworks/MapKit.framework; sourceTree = SDKROOT; };
/* End PBXFileReference section */

/* Begin PBXFrameworksBuildPhase section */
		50E901062047EFC2009B45C3 /* Frameworks */ = {
			isa = PBXFrameworksBuildPhase;
			buildActionMask = 2147483647;
			files = (
				50E901202047F02F009B45C3 /* MapKit.framework in Frameworks */,
			);
			runOnlyForDeploymentPostprocessing = 0;
		};
/* End PBXFrameworksBuildPhase section */

/* Begin PBXGroup section */
		50E901002047EFC2009B45C3 = {
			isa = PBXGroup;
			children = (
				50E9010B2047EFC2009B45C3 /* SearchMap */,
				50E9010A2047EFC2009B45C3 /* Products */,
				50E9011E2047F02F009B45C3 /* Frameworks */,
			);
			sourceTree = "<group>";
		};
		50E9010A2047EFC2009B45C3 /* Products */ = {
			isa = PBXGroup;
			children = (
				50E901092047EFC2009B45C3 /* SearchMap.app */,
			);
			name = Products;
			sourceTree = "<group>";
		};
		50E9010B2047EFC2009B45C3 /* SearchMap */ = {
			isa = PBXGroup;
			children = (
				50E9010C2047EFC2009B45C3 /* AppDelegate.swift */,
				50E9010E2047EFC2009B45C3 /* ViewController.swift */,
				50E901102047EFC2009B45C3 /* Main.storyboard */,
				50E901132047EFC2009B45C3 /* Assets.xcassets */,
				50E901152047EFC2009B45C3 /* LaunchScreen.storyboard */,
				50E901182047EFC2009B45C3 /* Info.plist */,
			);
			path = SearchMap;
			sourceTree = "<group>";
		};
		50E9011E2047F02F009B45C3 /* Frameworks */ = {
			isa = PBXGroup;
			children = (
				50E9011F2047F02F009B45C3 /* MapKit.framework */,
			);
			name = Frameworks;
			sourceTree = "<group>";
		};
/* End PBXGroup section */

/* Begin PBXNativeTarget section */
		50E901082047EFC2009B45C3 /* SearchMap */ = {
			isa = PBXNativeTarget;
			buildConfigurationList = 50E9011B2047EFC2009B45C3 /* Build configuration list for PBXNativeTarget "SearchMap" */;
			buildPhases = (
				50E901052047EFC2009B45C3 /* Sources */,
				50E901062047EFC2009B45C3 /* Frameworks */,
				50E901072047EFC2009B45C3 /* Resources */,
			);
			buildRules = (
			);
			dependencies = (
			);
			name = SearchMap;
			productName = SearchMap;
			productReference = 50E901092047EFC2009B45C3 /* SearchMap.app */;
			productType = "com.apple.product-type.application";
		};
/* End PBXNativeTarget section */

/* Begin PBXProject section */
		50E901012047EFC2009B45C3 /* Project object */ = {
			isa = PBXProject;
			attributes = {
				LastSwiftUpdateCheck = 0920;
				LastUpgradeCheck = 0920;
				ORGANIZATIONNAME = "imua yusei";
				TargetAttributes = {
					50E901082047EFC2009B45C3 = {
						CreatedOnToolsVersion = 9.2;
						ProvisioningStyle = Automatic;
					};
				};
			};
			buildConfigurationList = 50E901042047EFC2009B45C3 /* Build configuration list for PBXProject "SearchMap" */;
			compatibilityVersion = "Xcode 8.0";
			developmentRegion = en;
			hasScannedForEncodings = 0;
			knownRegions = (
				en,
				Base,
			);
			mainGroup = 50E901002047EFC2009B45C3;
			productRefGroup = 50E9010A2047EFC2009B45C3 /* Products */;
			projectDirPath = "";
			projectRoot = "";
			targets = (
				50E901082047EFC2009B45C3 /* SearchMap */,
			);
		};
/* End PBXProject section */

/* Begin PBXResourcesBuildPhase section */
		50E901072047EFC2009B45C3 /* Resources */ = {
			isa = PBXResourcesBuildPhase;
			buildActionMask = 2147483647;
			files = (
				50E901172047EFC2009B45C3 /* LaunchScreen.storyboard in Resources */,
				50E901142047EFC2009B45C3 /* Assets.xcassets in Resources */,
				50E901122047EFC2009B45C3 /* Main.storyboard in Resources */,
			);
			runOnlyForDeploymentPostprocessing = 0;
		};
/* End PBXResourcesBuildPhase section */

/* Begin PBXSourcesBuildPhase section */
		50E901052047EFC2009B45C3 /* Sources */ = {
			isa = PBXSourcesBuildPhase;
			buildActionMask = 2147483647;
			files = (
				50E9010F2047EFC2009B45C3 /* ViewController.swift in Sources */,
				50E9010D2047EFC2009B45C3 /* AppDelegate.swift in Sources */,
			);
			runOnlyForDeploymentPostprocessing = 0;
		};
/* End PBXSourcesBuildPhase section */

/* Begin PBXVariantGroup section */
		50E901102047EFC2009B45C3 /* Main.storyboard */ = {
			isa = PBXVariantGroup;
			children = (
				50E901112047EFC2009B45C3 /* Base */,
			);
			name = Main.storyboard;
			sourceTree = "<group>";
		};
		50E901152047EFC2009B45C3 /* LaunchScreen.storyboard */ = {
			isa = PBXVariantGroup;
			children = (
				50E901162047EFC2009B45C3 /* Base */,
			);
			name = LaunchScreen.storyboard;
			sourceTree = "<group>";
		};
/* End PBXVariantGroup section */

/* Begin XCBuildConfiguration section */
		50E901192047EFC2009B45C3 /* Debug */ = {
			isa = XCBuildConfiguration;
			buildSettings = {
				ALWAYS_SEARCH_USER_PATHS = NO;
				CLANG_ANALYZER_NONNULL = YES;
				CLANG_ANALYZER_NUMBER_OBJECT_CONVERSION = YES_AGGRESSIVE;
				CLANG_CXX_LANGUAGE_STANDARD = "gnu++14";
				CLANG_CXX_LIBRARY = "libc++";
				CLANG_ENABLE_MODULES = YES;
				CLANG_ENABLE_OBJC_ARC = YES;
				CLANG_WARN_BLOCK_CAPTURE_AUTORELEASING = YES;
				CLANG_WARN_BOOL_CONVERSION = YES;
				CLANG_WARN_COMMA = YES;
				CLANG_WARN_CONSTANT_CONVERSION = YES;
				CLANG_WARN_DIRECT_OBJC_ISA_USAGE = YES_ERROR;
				CLANG_WARN_DOCUMENTATION_COMMENTS = YES;
				CLANG_WARN_EMPTY_BODY = YES;
				CLANG_WARN_ENUM_CONVERSION = YES;
				CLANG_WARN_INFINITE_RECURSION = YES;
				CLANG_WARN_INT_CONVERSION = YES;
				CLANG_WARN_NON_LITERAL_NULL_CONVERSION = YES;
				CLANG_WARN_OBJC_LITERAL_CONVERSION = YES;
				CLANG_WARN_OBJC_ROOT_CLASS = YES_ERROR;
				CLANG_WARN_RANGE_LOOP_ANALYSIS = YES;
				CLANG_WARN_STRICT_PROTOTYPES = YES;
				CLANG_WARN_SUSPICIOUS_MOVE = YES;
				CLANG_WARN_UNGUARDED_AVAILABILITY = YES_AGGRESSIVE;
				CLANG_WARN_UNREACHABLE_CODE = YES;
				CLANG_WARN__DUPLICATE_METHOD_MATCH = YES;
				CODE_SIGN_IDENTITY = "iPhone Developer";
				COPY_PHASE_STRIP = NO;
				DEBUG_INFORMATION_FORMAT = dwarf;
				ENABLE_STRICT_OBJC_MSGSEND = YES;
				ENABLE_TESTABILITY = YES;
				GCC_C_LANGUAGE_STANDARD = gnu11;
				GCC_DYNAMIC_NO_PIC = NO;
				GCC_NO_COMMON_BLOCKS = YES;
				GCC_OPTIMIZATION_LEVEL = 0;
				GCC_PREPROCESSOR_DEFINITIONS = (
					"DEBUG=1",
					"$(inherited)",
				);
				GCC_WARN_64_TO_32_BIT_CONVERSION = YES;
				GCC_WARN_ABOUT_RETURN_TYPE = YES_ERROR;
				GCC_WARN_UNDECLARED_SELECTOR = YES;
				GCC_WARN_UNINITIALIZED_AUTOS = YES_AGGRESSIVE;
				GCC_WARN_UNUSED_FUNCTION = YES;
				GCC_WARN_UNUSED_VARIABLE = YES;
				IPHONEOS_DEPLOYMENT_TARGET = 11.2;
				MTL_ENABLE_DEBUG_INFO = YES;
				ONLY_ACTIVE_ARCH = YES;
				SDKROOT = iphoneos;
				SWIFT_ACTIVE_COMPILATION_CONDITIONS = DEBUG;
				SWIFT_OPTIMIZATION_LEVEL = "-Onone";
			};
			name = Debug;
		};
		50E9011A2047EFC2009B45C3 /* Release */ = {
			isa = XCBuildConfiguration;
			buildSettings = {
				ALWAYS_SEARCH_USER_PATHS = NO;
				CLANG_ANALYZER_NONNULL = YES;
				CLANG_ANALYZER_NUMBER_OBJECT_CONVERSION = YES_AGGRESSIVE;
				CLANG_CXX_LANGUAGE_STANDARD = "gnu++14";
				CLANG_CXX_LIBRARY = "libc++";
				CLANG_ENABLE_MODULES = YES;
				CLANG_ENABLE_OBJC_ARC = YES;
				CLANG_WARN_BLOCK_CAPTURE_AUTORELEASING = YES;
				CLANG_WARN_BOOL_CONVERSION = YES;
				CLANG_WARN_COMMA = YES;
				CLANG_WARN_CONSTANT_CONVERSION = YES;
				CLANG_WARN_DIRECT_OBJC_ISA_USAGE = YES_ERROR;
				CLANG_WARN_DOCUMENTATION_COMMENTS = YES;
				CLANG_WARN_EMPTY_BODY = YES;
				CLANG_WARN_ENUM_CONVERSION = YES;
				CLANG_WARN_INFINITE_RECURSION = YES;
				CLANG_WARN_INT_CONVERSION = YES;
				CLANG_WARN_NON_LITERAL_NULL_CONVERSION = YES;
				CLANG_WARN_OBJC_LITERAL_CONVERSION = YES;
				CLANG_WARN_OBJC_ROOT_CLASS = YES_ERROR;
				CLANG_WARN_RANGE_LOOP_ANALYSIS = YES;
				CLANG_WARN_STRICT_PROTOTYPES = YES;
				CLANG_WARN_SUSPICIOUS_MOVE = YES;
				CLANG_WARN_UNGUARDED_AVAILABILITY = YES_AGGRESSIVE;
				CLANG_WARN_UNREACHABLE_CODE = YES;
				CLANG_WARN__DUPLICATE_METHOD_MATCH = YES;
				CODE_SIGN_IDENTITY = "iPhone Developer";
				COPY_PHASE_STRIP = NO;
				DEBUG_INFORMATION_FORMAT = "dwarf-with-dsym";
				ENABLE_NS_ASSERTIONS = NO;
				ENABLE_STRICT_OBJC_MSGSEND = YES;
				GCC_C_LANGUAGE_STANDARD = gnu11;
				GCC_NO_COMMON_BLOCKS = YES;
				GCC_WARN_64_TO_32_BIT_CONVERSION = YES;
				GCC_WARN_ABOUT_RETURN_TYPE = YES_ERROR;
				GCC_WARN_UNDECLARED_SELECTOR = YES;
				GCC_WARN_UNINITIALIZED_AUTOS = YES_AGGRESSIVE;
				GCC_WARN_UNUSED_FUNCTION = YES;
				GCC_WARN_UNUSED_VARIABLE = YES;
				IPHONEOS_DEPLOYMENT_TARGET = 11.2;
				MTL_ENABLE_DEBUG_INFO = NO;
				SDKROOT = iphoneos;
				SWIFT_OPTIMIZATION_LEVEL = "-Owholemodule";
				VALIDATE_PRODUCT = YES;
			};
			name = Release;
		};
		50E9011C2047EFC2009B45C3 /* Debug */ = {
			isa = XCBuildConfiguration;
			buildSettings = {
				ASSETCATALOG_COMPILER_APPICON_NAME = AppIcon;
				CODE_SIGN_STYLE = Automatic;
				DEVELOPMENT_TEAM = KU762A77F4;
				INFOPLIST_FILE = SearchMap/Info.plist;
				LD_RUNPATH_SEARCH_PATHS = "$(inherited) @executable_path/Frameworks";
				PRODUCT_BUNDLE_IDENTIFIER = com.yuseiImura.SearchMap;
				PRODUCT_NAME = "$(TARGET_NAME)";
				SWIFT_VERSION = 4.0;
				TARGETED_DEVICE_FAMILY = "1,2";
			};
			name = Debug;
		};
		50E9011D2047EFC2009B45C3 /* Release */ = {
			isa = XCBuildConfiguration;
			buildSettings = {
				ASSETCATALOG_COMPILER_APPICON_NAME = AppIcon;
				CODE_SIGN_STYLE = Automatic;
				DEVELOPMENT_TEAM = KU762A77F4;
				INFOPLIST_FILE = SearchMap/Info.plist;
				LD_RUNPATH_SEARCH_PATHS = "$(inherited) @executable_path/Frameworks";
				PRODUCT_BUNDLE_IDENTIFIER = com.yuseiImura.SearchMap;
				PRODUCT_NAME = "$(TARGET_NAME)";
				SWIFT_VERSION = 4.0;
				TARGETED_DEVICE_FAMILY = "1,2";
			};
			name = Release;
		};
/* End XCBuildConfiguration section */

/* Begin XCConfigurationList section */
		50E901042047EFC2009B45C3 /* Build configuration list for PBXProject "SearchMap" */ = {
			isa = XCConfigurationList;
			buildConfigurations = (
				50E901192047EFC2009B45C3 /* Debug */,
				50E9011A2047EFC2009B45C3 /* Release */,
			);
			defaultConfigurationIsVisible = 0;
			defaultConfigurationName = Release;
		};
		50E9011B2047EFC2009B45C3 /* Build configuration list for PBXNativeTarget "SearchMap" */ = {
			isa = XCConfigurationList;
			buildConfigurations = (
				50E9011C2047EFC2009B45C3 /* Debug */,
				50E9011D2047EFC2009B45C3 /* Release */,
			);
			defaultConfigurationIsVisible = 0;
			defaultConfigurationName = Release;
		};
/* End XCConfigurationList section */
	};
	rootObject = 50E901012047EFC2009B45C3 /* Project object */;
}
